
Microsoft Visual Studio Solution File, Format Version 12.00
# Visual Studio Version 16
VisualStudioVersion = 16.0.29324.140
MinimumVisualStudioVersion = 10.0.40219.1
Project("{9A19103F-16F7-4668-BE54-9A1E7A4F7556}") = "TollFeeCalculator", "TollCalculator\TollFeeCalculator.csproj", "{6421C930-6BB9-4008-A8C4-9290754E27F7}"
EndProject
Project("{FAE04EC0-301F-11D3-BF4B-00C04F79EFBC}") = "TollFeeCalculator.Test", "TollFeeCalculator.Test\TollFeeCalculator.Test.csproj", "{2CD7F88C-B8CA-4695-B627-863A68A41423}"
EndProject
Global
	GlobalSection(SolutionConfigurationPlatforms) = preSolution
		Debug|Any CPU = Debug|Any CPU
		Release|Any CPU = Release|Any CPU
	EndGlobalSection
	GlobalSection(ProjectConfigurationPlatforms) = postSolution
		{6421C930-6BB9-4008-A8C4-9290754E27F7}.Debug|Any CPU.ActiveCfg = Debug|Any CPU
		{6421C930-6BB9-4008-A8C4-9290754E27F7}.Debug|Any CPU.Build.0 = Debug|Any CPU
		{6421C930-6BB9-4008-A8C4-9290754E27F7}.Release|Any CPU.ActiveCfg = Release|Any CPU
		{6421C930-6BB9-4008-A8C4-9290754E27F7}.Release|Any CPU.Build.0 = Release|Any CPU
		{2CD7F88C-B8CA-4695-B627-863A68A41423}.Debug|Any CPU.ActiveCfg = Debug|Any CPU
		{2CD7F88C-B8CA-4695-B627-863A68A41423}.Debug|Any CPU.Build.0 = Debug|Any CPU
		{2CD7F88C-B8CA-4695-B627-863A68A41423}.Release|Any CPU.ActiveCfg = Release|Any CPU
		{2CD7F88C-B8CA-4695-B627-863A68A41423}.Release|Any CPU.Build.0 = Release|Any CPU
	EndGlobalSection
	GlobalSection(SolutionProperties) = preSolution
		HideSolutionNode = FALSE
	EndGlobalSection
	GlobalSection(ExtensibilityGlobals) = postSolution
		SolutionGuid = {C3DC71CE-D72A-40F7-90C6-1B238041EA83}
	EndGlobalSection
EndGlobal
