
Microsoft Visual Studio Solution File, Format Version 12.00
# Visual Studio Version 16
VisualStudioVersion = 16.0.30523.141
MinimumVisualStudioVersion = 10.0.40219.1
Project("{9A19103F-16F7-4668-BE54-9A1E7A4F7556}") = "TollFeeCalculator.Tests", "TollFeeCalculator.Tests\TollFeeCalculator.Tests.csproj", "{31BD9FC0-2F91-4B4F-A9F3-CA73484918CF}"
EndProject
Project("{9A19103F-16F7-4668-BE54-9A1E7A4F7556}") = "TollFeeCalculator", "TollFeeCalculator\TollFeeCalculator.csproj", "{447CB602-0687-413D-A36E-F81D1BBC09F5}"
EndProject
Global
	GlobalSection(SolutionConfigurationPlatforms) = preSolution
		Debug|Any CPU = Debug|Any CPU
		Release|Any CPU = Release|Any CPU
	EndGlobalSection
	GlobalSection(ProjectConfigurationPlatforms) = postSolution
		{31BD9FC0-2F91-4B4F-A9F3-CA73484918CF}.Debug|Any CPU.ActiveCfg = Debug|Any CPU
		{31BD9FC0-2F91-4B4F-A9F3-CA73484918CF}.Debug|Any CPU.Build.0 = Debug|Any CPU
		{31BD9FC0-2F91-4B4F-A9F3-CA73484918CF}.Release|Any CPU.ActiveCfg = Release|Any CPU
		{31BD9FC0-2F91-4B4F-A9F3-CA73484918CF}.Release|Any CPU.Build.0 = Release|Any CPU
		{447CB602-0687-413D-A36E-F81D1BBC09F5}.Debug|Any CPU.ActiveCfg = Debug|Any CPU
		{447CB602-0687-413D-A36E-F81D1BBC09F5}.Debug|Any CPU.Build.0 = Debug|Any CPU
		{447CB602-0687-413D-A36E-F81D1BBC09F5}.Release|Any CPU.ActiveCfg = Release|Any CPU
		{447CB602-0687-413D-A36E-F81D1BBC09F5}.Release|Any CPU.Build.0 = Release|Any CPU
	EndGlobalSection
	GlobalSection(SolutionProperties) = preSolution
		HideSolutionNode = FALSE
	EndGlobalSection
	GlobalSection(ExtensibilityGlobals) = postSolution
		SolutionGuid = {AA915CBE-0743-4D7F-BACD-1A66EA1C6BC7}
	EndGlobalSection
EndGlobal
