
Microsoft Visual Studio Solution File, Format Version 12.00
# Visual Studio Version 16
VisualStudioVersion = 16.0.29905.134
MinimumVisualStudioVersion = 10.0.40219.1
Project("{FAE04EC0-301F-11D3-BF4B-00C04F79EFBC}") = "TollFeeCalculator", "TollCalculator\TollFeeCalculator.csproj", "{17FE69F0-69B8-433F-ABF4-CC5D484CF579}"
EndProject
Project("{FAE04EC0-301F-11D3-BF4B-00C04F79EFBC}") = "TollFeeCalculatorTests", "TollFeeCalculatorTests\TollFeeCalculatorTests.csproj", "{A5EEDBAB-4423-4789-966F-041292A6CCFA}"
EndProject
Global
	GlobalSection(SolutionConfigurationPlatforms) = preSolution
		Debug|Any CPU = Debug|Any CPU
		Release|Any CPU = Release|Any CPU
	EndGlobalSection
	GlobalSection(ProjectConfigurationPlatforms) = postSolution
		{17FE69F0-69B8-433F-ABF4-CC5D484CF579}.Debug|Any CPU.ActiveCfg = Debug|Any CPU
		{17FE69F0-69B8-433F-ABF4-CC5D484CF579}.Debug|Any CPU.Build.0 = Debug|Any CPU
		{17FE69F0-69B8-433F-ABF4-CC5D484CF579}.Release|Any CPU.ActiveCfg = Release|Any CPU
		{17FE69F0-69B8-433F-ABF4-CC5D484CF579}.Release|Any CPU.Build.0 = Release|Any CPU
		{A5EEDBAB-4423-4789-966F-041292A6CCFA}.Debug|Any CPU.ActiveCfg = Debug|Any CPU
		{A5EEDBAB-4423-4789-966F-041292A6CCFA}.Debug|Any CPU.Build.0 = Debug|Any CPU
		{A5EEDBAB-4423-4789-966F-041292A6CCFA}.Release|Any CPU.ActiveCfg = Release|Any CPU
		{A5EEDBAB-4423-4789-966F-041292A6CCFA}.Release|Any CPU.Build.0 = Release|Any CPU
	EndGlobalSection
	GlobalSection(SolutionProperties) = preSolution
		HideSolutionNode = FALSE
	EndGlobalSection
	GlobalSection(ExtensibilityGlobals) = postSolution
		SolutionGuid = {2BC988F3-985C-4BA9-AF61-CF7544DCD2E3}
	EndGlobalSection
EndGlobal
