
Microsoft Visual Studio Solution File, Format Version 12.00
# Visual Studio 15
VisualStudioVersion = 15.0.27428.2037
MinimumVisualStudioVersion = 10.0.40219.1
Project("{FAE04EC0-301F-11D3-BF4B-00C04F79EFBC}") = "TollFeeCalculator", "TollFeeCalculator\TollFeeCalculator.csproj", "{D2F8A409-44F8-4348-9F3E-CE103273955D}"
EndProject
Project("{FAE04EC0-301F-11D3-BF4B-00C04F79EFBC}") = "TollFeeCalculatorTests", "TollFeeCalculatorTests\TollFeeCalculatorTests.csproj", "{2133275C-725A-4FCA-9FEB-AA5C9B6322A4}"
EndProject
Global
	GlobalSection(SolutionConfigurationPlatforms) = preSolution
		Debug|Any CPU = Debug|Any CPU
		Release|Any CPU = Release|Any CPU
	EndGlobalSection
	GlobalSection(ProjectConfigurationPlatforms) = postSolution
		{D2F8A409-44F8-4348-9F3E-CE103273955D}.Debug|Any CPU.ActiveCfg = Debug|Any CPU
		{D2F8A409-44F8-4348-9F3E-CE103273955D}.Debug|Any CPU.Build.0 = Debug|Any CPU
		{D2F8A409-44F8-4348-9F3E-CE103273955D}.Release|Any CPU.ActiveCfg = Release|Any CPU
		{D2F8A409-44F8-4348-9F3E-CE103273955D}.Release|Any CPU.Build.0 = Release|Any CPU
		{2133275C-725A-4FCA-9FEB-AA5C9B6322A4}.Debug|Any CPU.ActiveCfg = Debug|Any CPU
		{2133275C-725A-4FCA-9FEB-AA5C9B6322A4}.Debug|Any CPU.Build.0 = Debug|Any CPU
		{2133275C-725A-4FCA-9FEB-AA5C9B6322A4}.Release|Any CPU.ActiveCfg = Release|Any CPU
		{2133275C-725A-4FCA-9FEB-AA5C9B6322A4}.Release|Any CPU.Build.0 = Release|Any CPU
	EndGlobalSection
	GlobalSection(SolutionProperties) = preSolution
		HideSolutionNode = FALSE
	EndGlobalSection
	GlobalSection(ExtensibilityGlobals) = postSolution
		SolutionGuid = {29464105-CF30-4F45-97E9-026DF18F1CC1}
	EndGlobalSection
EndGlobal
