
Microsoft Visual Studio Solution File, Format Version 12.00
# Visual Studio 15
VisualStudioVersion = 15.0.26430.13
MinimumVisualStudioVersion = 10.0.40219.1
Project("{FAE04EC0-301F-11D3-BF4B-00C04F79EFBC}") = "TollFeeCalculator", "TollFeeCalculator.csproj", "{D165F91E-51EA-4966-A703-90DE2D988A0C}"
EndProject
Project("{FAE04EC0-301F-11D3-BF4B-00C04F79EFBC}") = "TollFeeCalculator.Tests", "..\TollFeeCalculator.Tests\TollFeeCalculator.Tests.csproj", "{4E3DF4DC-2718-4F72-A88F-EDE47B38FAFB}"
EndProject
Global
	GlobalSection(SolutionConfigurationPlatforms) = preSolution
		Debug|Any CPU = Debug|Any CPU
		Release|Any CPU = Release|Any CPU
	EndGlobalSection
	GlobalSection(ProjectConfigurationPlatforms) = postSolution
		{D165F91E-51EA-4966-A703-90DE2D988A0C}.Debug|Any CPU.ActiveCfg = Debug|Any CPU
		{D165F91E-51EA-4966-A703-90DE2D988A0C}.Debug|Any CPU.Build.0 = Debug|Any CPU
		{D165F91E-51EA-4966-A703-90DE2D988A0C}.Release|Any CPU.ActiveCfg = Release|Any CPU
		{D165F91E-51EA-4966-A703-90DE2D988A0C}.Release|Any CPU.Build.0 = Release|Any CPU
		{4E3DF4DC-2718-4F72-A88F-EDE47B38FAFB}.Debug|Any CPU.ActiveCfg = Debug|Any CPU
		{4E3DF4DC-2718-4F72-A88F-EDE47B38FAFB}.Debug|Any CPU.Build.0 = Debug|Any CPU
		{4E3DF4DC-2718-4F72-A88F-EDE47B38FAFB}.Release|Any CPU.ActiveCfg = Release|Any CPU
		{4E3DF4DC-2718-4F72-A88F-EDE47B38FAFB}.Release|Any CPU.Build.0 = Release|Any CPU
	EndGlobalSection
	GlobalSection(SolutionProperties) = preSolution
		HideSolutionNode = FALSE
	EndGlobalSection
EndGlobal
