
Microsoft Visual Studio Solution File, Format Version 12.00
# Visual Studio Version 16
VisualStudioVersion = 16.0.28803.352
MinimumVisualStudioVersion = 10.0.40219.1
Project("{FAE04EC0-301F-11D3-BF4B-00C04F79EFBC}") = "TollCalculator", "TollCalculator\TollCalculator.csproj", "{90670CEA-DB2C-4C7E-927F-0DA3D4B4E067}"
EndProject
Project("{FAE04EC0-301F-11D3-BF4B-00C04F79EFBC}") = "Test", "Test\Test.csproj", "{35E3985D-815F-4134-9C7A-0F00E1944256}"
EndProject
Global
	GlobalSection(SolutionConfigurationPlatforms) = preSolution
		Debug|Any CPU = Debug|Any CPU
		Release|Any CPU = Release|Any CPU
	EndGlobalSection
	GlobalSection(ProjectConfigurationPlatforms) = postSolution
		{90670CEA-DB2C-4C7E-927F-0DA3D4B4E067}.Debug|Any CPU.ActiveCfg = Debug|Any CPU
		{90670CEA-DB2C-4C7E-927F-0DA3D4B4E067}.Debug|Any CPU.Build.0 = Debug|Any CPU
		{90670CEA-DB2C-4C7E-927F-0DA3D4B4E067}.Release|Any CPU.ActiveCfg = Release|Any CPU
		{90670CEA-DB2C-4C7E-927F-0DA3D4B4E067}.Release|Any CPU.Build.0 = Release|Any CPU
		{35E3985D-815F-4134-9C7A-0F00E1944256}.Debug|Any CPU.ActiveCfg = Debug|Any CPU
		{35E3985D-815F-4134-9C7A-0F00E1944256}.Debug|Any CPU.Build.0 = Debug|Any CPU
		{35E3985D-815F-4134-9C7A-0F00E1944256}.Release|Any CPU.ActiveCfg = Release|Any CPU
		{35E3985D-815F-4134-9C7A-0F00E1944256}.Release|Any CPU.Build.0 = Release|Any CPU
	EndGlobalSection
	GlobalSection(SolutionProperties) = preSolution
		HideSolutionNode = FALSE
	EndGlobalSection
	GlobalSection(ExtensibilityGlobals) = postSolution
		SolutionGuid = {F4944322-8575-4473-8681-E834D93AA925}
	EndGlobalSection
EndGlobal
