
Microsoft Visual Studio Solution File, Format Version 12.00
# Visual Studio 15
VisualStudioVersion = 15.0.28307.572
MinimumVisualStudioVersion = 10.0.40219.1
Project("{FAE04EC0-301F-11D3-BF4B-00C04F79EFBC}") = "TollFeeCalculator", "TollCalculator\TollFeeCalculator.csproj", "{A64F5B07-132C-4367-81CA-ED77C5BE1661}"
EndProject
Project("{2150E333-8FDC-42A3-9474-1A3956D46DE8}") = "Tests", "Tests", "{929B9C6E-552E-4B10-807D-8AA1B2DB87A0}"
EndProject
Project("{FAE04EC0-301F-11D3-BF4B-00C04F79EFBC}") = "Tests", "Tests\TollCalculatorTests.csproj", "{FD1A9256-2770-4274-8B1A-3F7C9DCDBD26}"
EndProject
Global
	GlobalSection(SolutionConfigurationPlatforms) = preSolution
		Debug|Any CPU = Debug|Any CPU
		Release|Any CPU = Release|Any CPU
	EndGlobalSection
	GlobalSection(ProjectConfigurationPlatforms) = postSolution
		{A64F5B07-132C-4367-81CA-ED77C5BE1661}.Debug|Any CPU.ActiveCfg = Debug|Any CPU
		{A64F5B07-132C-4367-81CA-ED77C5BE1661}.Debug|Any CPU.Build.0 = Debug|Any CPU
		{A64F5B07-132C-4367-81CA-ED77C5BE1661}.Release|Any CPU.ActiveCfg = Release|Any CPU
		{A64F5B07-132C-4367-81CA-ED77C5BE1661}.Release|Any CPU.Build.0 = Release|Any CPU
		{FD1A9256-2770-4274-8B1A-3F7C9DCDBD26}.Debug|Any CPU.ActiveCfg = Debug|Any CPU
		{FD1A9256-2770-4274-8B1A-3F7C9DCDBD26}.Debug|Any CPU.Build.0 = Debug|Any CPU
		{FD1A9256-2770-4274-8B1A-3F7C9DCDBD26}.Release|Any CPU.ActiveCfg = Release|Any CPU
		{FD1A9256-2770-4274-8B1A-3F7C9DCDBD26}.Release|Any CPU.Build.0 = Release|Any CPU
	EndGlobalSection
	GlobalSection(SolutionProperties) = preSolution
		HideSolutionNode = FALSE
	EndGlobalSection
	GlobalSection(NestedProjects) = preSolution
		{FD1A9256-2770-4274-8B1A-3F7C9DCDBD26} = {929B9C6E-552E-4B10-807D-8AA1B2DB87A0}
	EndGlobalSection
	GlobalSection(ExtensibilityGlobals) = postSolution
		SolutionGuid = {6B299926-2D9E-434C-BCEC-1B8B1D97DC94}
	EndGlobalSection
EndGlobal
