
Microsoft Visual Studio Solution File, Format Version 12.00
Project("{FAE04EC0-301F-11D3-BF4B-00C04F79EFBC}") = "TollCalculator", "TollCalculator\TollCalculator.csproj", "{6EAD8CDC-2FE4-4A90-92F3-409DC9A8E012}"
EndProject
Project("{FAE04EC0-301F-11D3-BF4B-00C04F79EFBC}") = "TollCalculatorTest", "TollCalculatorTest\TollCalculatorTest.csproj", "{B27E1A48-502B-483A-8F79-DF925FE2C814}"
EndProject
Global
	GlobalSection(SolutionConfigurationPlatforms) = preSolution
		Debug|Any CPU = Debug|Any CPU
		Release|Any CPU = Release|Any CPU
	EndGlobalSection
	GlobalSection(ProjectConfigurationPlatforms) = postSolution
		{6EAD8CDC-2FE4-4A90-92F3-409DC9A8E012}.Debug|Any CPU.ActiveCfg = Debug|Any CPU
		{6EAD8CDC-2FE4-4A90-92F3-409DC9A8E012}.Debug|Any CPU.Build.0 = Debug|Any CPU
		{6EAD8CDC-2FE4-4A90-92F3-409DC9A8E012}.Release|Any CPU.ActiveCfg = Release|Any CPU
		{6EAD8CDC-2FE4-4A90-92F3-409DC9A8E012}.Release|Any CPU.Build.0 = Release|Any CPU
		{B27E1A48-502B-483A-8F79-DF925FE2C814}.Debug|Any CPU.ActiveCfg = Debug|Any CPU
		{B27E1A48-502B-483A-8F79-DF925FE2C814}.Debug|Any CPU.Build.0 = Debug|Any CPU
		{B27E1A48-502B-483A-8F79-DF925FE2C814}.Release|Any CPU.ActiveCfg = Release|Any CPU
		{B27E1A48-502B-483A-8F79-DF925FE2C814}.Release|Any CPU.Build.0 = Release|Any CPU
	EndGlobalSection
EndGlobal
