
Microsoft Visual Studio Solution File, Format Version 12.00
# Visual Studio Version 16
VisualStudioVersion = 16.0.30517.126
MinimumVisualStudioVersion = 10.0.40219.1
Project("{FAE04EC0-301F-11D3-BF4B-00C04F79EFBC}") = "ConsoleApplication", "ConsoleApplication\ConsoleApplication.csproj", "{3B63C32D-A765-48E0-95BE-D7490E0BA3CC}"
EndProject
Project("{FAE04EC0-301F-11D3-BF4B-00C04F79EFBC}") = "DL", "DL\DL.csproj", "{D1426727-B1E6-4C8F-AFA8-AE829C5A3BB4}"
EndProject
Project("{FAE04EC0-301F-11D3-BF4B-00C04F79EFBC}") = "BL", "BL\BL.csproj", "{B9A084E0-D01C-48C9-A428-69AD8060C5A0}"
EndProject
Global
	GlobalSection(SolutionConfigurationPlatforms) = preSolution
		Debug|Any CPU = Debug|Any CPU
		Release|Any CPU = Release|Any CPU
	EndGlobalSection
	GlobalSection(ProjectConfigurationPlatforms) = postSolution
		{3B63C32D-A765-48E0-95BE-D7490E0BA3CC}.Debug|Any CPU.ActiveCfg = Debug|Any CPU
		{3B63C32D-A765-48E0-95BE-D7490E0BA3CC}.Debug|Any CPU.Build.0 = Debug|Any CPU
		{3B63C32D-A765-48E0-95BE-D7490E0BA3CC}.Release|Any CPU.ActiveCfg = Release|Any CPU
		{3B63C32D-A765-48E0-95BE-D7490E0BA3CC}.Release|Any CPU.Build.0 = Release|Any CPU
		{D1426727-B1E6-4C8F-AFA8-AE829C5A3BB4}.Debug|Any CPU.ActiveCfg = Debug|Any CPU
		{D1426727-B1E6-4C8F-AFA8-AE829C5A3BB4}.Debug|Any CPU.Build.0 = Debug|Any CPU
		{D1426727-B1E6-4C8F-AFA8-AE829C5A3BB4}.Release|Any CPU.ActiveCfg = Release|Any CPU
		{D1426727-B1E6-4C8F-AFA8-AE829C5A3BB4}.Release|Any CPU.Build.0 = Release|Any CPU
		{B9A084E0-D01C-48C9-A428-69AD8060C5A0}.Debug|Any CPU.ActiveCfg = Debug|Any CPU
		{B9A084E0-D01C-48C9-A428-69AD8060C5A0}.Debug|Any CPU.Build.0 = Debug|Any CPU
		{B9A084E0-D01C-48C9-A428-69AD8060C5A0}.Release|Any CPU.ActiveCfg = Release|Any CPU
		{B9A084E0-D01C-48C9-A428-69AD8060C5A0}.Release|Any CPU.Build.0 = Release|Any CPU
	EndGlobalSection
	GlobalSection(SolutionProperties) = preSolution
		HideSolutionNode = FALSE
	EndGlobalSection
	GlobalSection(ExtensibilityGlobals) = postSolution
		SolutionGuid = {A13808FB-5B71-4D10-8AF7-78C59AAA9C68}
	EndGlobalSection
EndGlobal
